
Microsoft Visual Studio Solution File, Format Version 12.00
# Visual Studio Version 17
VisualStudioVersion = 17.13.35806.99 d17.13
MinimumVisualStudioVersion = 10.0.40219.1
Project("{F2A71F9B-5D33-465A-A702-920D77279786}") = "Задание 3", "Задание 3\Задание 3.fsproj", "{C873E992-36F9-4409-B08F-DC972C4B63B1}"
EndProject
Global
	GlobalSection(SolutionConfigurationPlatforms) = preSolution
		Debug|Any CPU = Debug|Any CPU
		Release|Any CPU = Release|Any CPU
	EndGlobalSection
	GlobalSection(ProjectConfigurationPlatforms) = postSolution
		{C873E992-36F9-4409-B08F-DC972C4B63B1}.Debug|Any CPU.ActiveCfg = Debug|Any CPU
		{C873E992-36F9-4409-B08F-DC972C4B63B1}.Debug|Any CPU.Build.0 = Debug|Any CPU
		{C873E992-36F9-4409-B08F-DC972C4B63B1}.Release|Any CPU.ActiveCfg = Release|Any CPU
		{C873E992-36F9-4409-B08F-DC972C4B63B1}.Release|Any CPU.Build.0 = Release|Any CPU
	EndGlobalSection
	GlobalSection(SolutionProperties) = preSolution
		HideSolutionNode = FALSE
	EndGlobalSection
	GlobalSection(ExtensibilityGlobals) = postSolution
		SolutionGuid = {84813323-14E1-4373-B4EB-143459CC5D4A}
	EndGlobalSection
EndGlobal
